{
  "version": 4,
  "terraform_version": "0.12.29",
  "serial": 9,
  "lineage": "95c50600-85cb-e2e8-a45b-4eb381a20612",
  "outputs": {},
  "resources": [
    {
      "mode": "managed",
      "type": "octopusdeploy_project",
      "name": "DevOpsProject",
      "provider": "provider.octopusdeploy",
      "instances": [
        {
          "schema_version": 0,
          "attributes": {
            "allow_deployments_to_no_targets": false,
            "default_failure_mode": "EnvironmentDefault",
            "deployment_process_id": "deploymentprocess-Projects-24",
            "deployment_step": [],
            "description": "",
            "discrete_channel_release": false,
            "id": "Projects-24",
            "included_library_variable_sets": null,
            "lifecycle_id": "Default Lifecycle",
            "name": "SkylinesProject",
            "project_group_id": "octopusdeploy_project_group.ProjectGroup.id",
            "skip_machine_behavior": "None",
            "skip_package_steps_that_are_already_installed": false,
            "tenanted_deployment_mode": "Untenanted"
          },
          "private": "bnVsbA==",
          "dependencies": [
            "octopusdeploy_project_group.ProjectGroup"
          ]
        }
      ]
    },
    {
      "mode": "managed",
      "type": "octopusdeploy_project_group",
      "name": "ProjectGroup",
      "provider": "provider.octopusdeploy",
      "instances": [
        {
          "schema_version": 0,
          "attributes": {
            "description": "",
            "id": "ProjectGroups-24",
            "name": "SkylinesProjectGroup"
          },
          "private": "bnVsbA=="
        }
      ]
    }
  ]
}
